
Microsoft Visual Studio Solution File, Format Version 12.00
# Visual Studio Version 17
VisualStudioVersion = 17.7.33808.371
MinimumVisualStudioVersion = 10.0.40219.1
Project("{FAE04EC0-301F-11D3-BF4B-00C04F79EFBC}") = "hello1", "hello1\hello1.csproj", "{24CAA4D5-A7A7-4C3D-B27F-19115940B38C}"
EndProject
Global
	GlobalSection(SolutionConfigurationPlatforms) = preSolution
		Debug|Any CPU = Debug|Any CPU
		Release|Any CPU = Release|Any CPU
	EndGlobalSection
	GlobalSection(ProjectConfigurationPlatforms) = postSolution
		{24CAA4D5-A7A7-4C3D-B27F-19115940B38C}.Debug|Any CPU.ActiveCfg = Debug|Any CPU
		{24CAA4D5-A7A7-4C3D-B27F-19115940B38C}.Debug|Any CPU.Build.0 = Debug|Any CPU
		{24CAA4D5-A7A7-4C3D-B27F-19115940B38C}.Release|Any CPU.ActiveCfg = Release|Any CPU
		{24CAA4D5-A7A7-4C3D-B27F-19115940B38C}.Release|Any CPU.Build.0 = Release|Any CPU
	EndGlobalSection
	GlobalSection(SolutionProperties) = preSolution
		HideSolutionNode = FALSE
	EndGlobalSection
	GlobalSection(ExtensibilityGlobals) = postSolution
		SolutionGuid = {1B052052-EF88-454D-843D-7AFF14BD1DE1}
	EndGlobalSection
EndGlobal
